
Microsoft Visual Studio Solution File, Format Version 12.00
# Visual Studio Version 16
VisualStudioVersion = 16.0.29509.3
MinimumVisualStudioVersion = 10.0.40219.1
Project("{FAE04EC0-301F-11D3-BF4B-00C04F79EFBC}") = "trafficStreamer", "trafficStreamer.csproj", "{3A8B1069-3C77-4495-82B5-720430BCB01B}"
EndProject
Global
	GlobalSection(SolutionConfigurationPlatforms) = preSolution
		Debug|Any CPU = Debug|Any CPU
		Release|Any CPU = Release|Any CPU
	EndGlobalSection
	GlobalSection(ProjectConfigurationPlatforms) = postSolution
		{3A8B1069-3C77-4495-82B5-720430BCB01B}.Debug|Any CPU.ActiveCfg = Debug|Any CPU
		{3A8B1069-3C77-4495-82B5-720430BCB01B}.Debug|Any CPU.Build.0 = Debug|Any CPU
		{3A8B1069-3C77-4495-82B5-720430BCB01B}.Release|Any CPU.ActiveCfg = Release|Any CPU
		{3A8B1069-3C77-4495-82B5-720430BCB01B}.Release|Any CPU.Build.0 = Release|Any CPU
	EndGlobalSection
	GlobalSection(SolutionProperties) = preSolution
		HideSolutionNode = FALSE
	EndGlobalSection
	GlobalSection(ExtensibilityGlobals) = postSolution
		SolutionGuid = {2591B839-81F1-4896-B4D7-3D74A5BC0EFE}
	EndGlobalSection
EndGlobal
